<?xml version="1.0" encoding="utf-8"?>
<Project ToolsVersion="4.0" xmlns="http://schemas.microsoft.com/developer/msbuild/2003">
  <ItemGroup>
    <Filter Include="Core">
      <UniqueIdentifier>{b2ef3017-75c4-4005-8fb4-d6aef1fc6f1e}</UniqueIdentifier>
    </Filter>
    <Filter Include="Application">
      <UniqueIdentifier>{a571bd8f-1ebc-45de-8d8f-94fe7cf95dba}</UniqueIdentifier>
    </Filter>
    <Filter Include="Core\Base">
      <UniqueIdentifier>{d175c88f-72e2-4d12-adde-51233e844740}</UniqueIdentifier>
    </Filter>
    <Filter Include="Core\DesignPatterns">
      <UniqueIdentifier>{b777b395-55ec-4d32-959e-b5ae51b3492c}</UniqueIdentifier>
    </Filter>
    <Filter Include="Inputs">
      <UniqueIdentifier>{22f5a35d-d935-4243-9ea6-8a83d3b6e9f5}</UniqueIdentifier>
    </Filter>
    <Filter Include="RHI">
      <UniqueIdentifier>{5d1192e4-7544-47f7-abff-502c83eddd9c}</UniqueIdentifier>
    </Filter>
    <Filter Include="RHI\DirectX11">
      <UniqueIdentifier>{2a64781d-bfaf-44fd-9b1c-35e9bcce2180}</UniqueIdentifier>
    </Filter>
    <Filter Include="RHI\DirectX11\Buffers">
      <UniqueIdentifier>{5c119605-2d2e-4c70-91a9-0a0c05a7c003}</UniqueIdentifier>
    </Filter>
    <Filter Include="RHI\DirectX11\Context">
      <UniqueIdentifier>{9d00a3ec-ad09-4c8a-8bfa-88eb356e861f}</UniqueIdentifier>
    </Filter>
    <Filter Include="RHI\DirectX11\StateObjects">
      <UniqueIdentifier>{84d98df0-a1d4-4ea3-b65c-1c50a7514979}</UniqueIdentifier>
    </Filter>
    <Filter Include="RHI\DirectX11\Shaders">
      <UniqueIdentifier>{80c48978-d8b3-4957-bc19-f45b35132f92}</UniqueIdentifier>
    </Filter>
    <Filter Include="Core\IO">
      <UniqueIdentifier>{4de39819-ca2b-450f-b54f-3416d0a68bfa}</UniqueIdentifier>
    </Filter>
    <Filter Include="Renderer">
      <UniqueIdentifier>{3964c458-9529-414d-9b64-49c9e34d59ba}</UniqueIdentifier>
    </Filter>
    <Filter Include="Renderer\Geometry">
      <UniqueIdentifier>{75f8d7e5-69d7-4d1a-825a-06f870bdbe5f}</UniqueIdentifier>
    </Filter>
    <Filter Include="Core\IO\JSon">
      <UniqueIdentifier>{6606e780-f19b-43a8-9492-d475124ee8f5}</UniqueIdentifier>
    </Filter>
    <Filter Include="RHI\DirectX11\VertexLayout">
      <UniqueIdentifier>{ad004644-506d-48d4-b082-02a9d80b6191}</UniqueIdentifier>
    </Filter>
    <Filter Include="RHI\Common">
      <UniqueIdentifier>{67055bdf-fbe1-43a5-b9ca-b48fe56bac3f}</UniqueIdentifier>
    </Filter>
    <Filter Include="Renderer\Shaders">
      <UniqueIdentifier>{3bcc5e7c-ba43-4101-8382-26d723f1a93c}</UniqueIdentifier>
    </Filter>
    <Filter Include="Core\Math">
      <UniqueIdentifier>{5eb73dfd-c8e2-43ad-be78-abd9a7efee2c}</UniqueIdentifier>
    </Filter>
    <Filter Include="Renderer\Importers">
      <UniqueIdentifier>{8a208bda-1b37-4ca2-8a10-0d8a7a92c2eb}</UniqueIdentifier>
    </Filter>
    <Filter Include="Renderer\Importers\Fbx">
      <UniqueIdentifier>{44a89253-b48a-44e7-a040-9db4410e495a}</UniqueIdentifier>
    </Filter>
  </ItemGroup>
  <ItemGroup>
    <ClInclude Include="..\..\Sources\Common\Application\GameApplication.h">
      <Filter>Application</Filter>
    </ClInclude>
    <ClInclude Include="..\..\Sources\Common\Application\Includes.h">
      <Filter>Application</Filter>
    </ClInclude>
    <ClInclude Include="..\..\Sources\Common\Application\WindowsAppConfig.h">
      <Filter>Application</Filter>
    </ClInclude>
    <ClInclude Include="..\..\Sources\Common\Application\WinMainLauncher.h">
      <Filter>Application</Filter>
    </ClInclude>
    <ClInclude Include="..\..\Sources\Common\Core\CoreIncludes.h">
      <Filter>Core</Filter>
    </ClInclude>
    <ClInclude Include="..\..\Sources\Common\Core\CoreMacros.h">
      <Filter>Core</Filter>
    </ClInclude>
    <ClInclude Include="..\..\Sources\Common\Core\Base\BaseDataTypes.h">
      <Filter>Core\Base</Filter>
    </ClInclude>
    <ClInclude Include="..\..\Sources\Common\Core\DesignPatterns\Singleton.h">
      <Filter>Core\DesignPatterns</Filter>
    </ClInclude>
    <ClInclude Include="..\..\Sources\Common\Inputs\InputManager.h">
      <Filter>Inputs</Filter>
    </ClInclude>
    <ClInclude Include="..\..\Sources\Common\Inputs\KeyboardDevice.h">
      <Filter>Inputs</Filter>
    </ClInclude>
    <ClInclude Include="..\..\Sources\Common\Inputs\Includes.h">
      <Filter>Inputs</Filter>
    </ClInclude>
    <ClInclude Include="..\..\Sources\Common\Inputs\InputMacros.h">
      <Filter>Inputs</Filter>
    </ClInclude>
    <ClInclude Include="..\..\Sources\Common\Includes.h" />
    <ClInclude Include="..\..\Sources\Common\RHI\RhiManager.h">
      <Filter>RHI</Filter>
    </ClInclude>
    <ClInclude Include="..\..\Sources\Common\RHI\RhiWrapper.h">
      <Filter>RHI</Filter>
    </ClInclude>
    <ClInclude Include="..\..\Sources\Common\RHI\RhiEnums.h">
      <Filter>RHI</Filter>
    </ClInclude>
    <ClInclude Include="..\..\Sources\Common\RHI\DirectX11\GraphicDeviceDX11.h">
      <Filter>RHI\DirectX11</Filter>
    </ClInclude>
    <ClInclude Include="..\..\Sources\Common\RHI\DirectX11\IncludesDX11.h">
      <Filter>RHI\DirectX11</Filter>
    </ClInclude>
    <ClInclude Include="..\..\Sources\Common\RHI\DirectX11\SwapchainDX11.h">
      <Filter>RHI\DirectX11</Filter>
    </ClInclude>
    <ClInclude Include="..\..\Sources\Common\RHI\DirectX11\Buffers\BaseBufferDX11.h">
      <Filter>RHI\DirectX11\Buffers</Filter>
    </ClInclude>
    <ClInclude Include="..\..\Sources\Common\RHI\DirectX11\Buffers\Includes.h">
      <Filter>RHI\DirectX11\Buffers</Filter>
    </ClInclude>
    <ClInclude Include="..\..\Sources\Common\RHI\DirectX11\Buffers\IndexBufferDX11.h">
      <Filter>RHI\DirectX11\Buffers</Filter>
    </ClInclude>
    <ClInclude Include="..\..\Sources\Common\RHI\DirectX11\Buffers\VertexBufferDX11.h">
      <Filter>RHI\DirectX11\Buffers</Filter>
    </ClInclude>
    <ClInclude Include="..\..\Sources\Common\RHI\DirectX11\Context\GeometryStatesDX11.h">
      <Filter>RHI\DirectX11\Context</Filter>
    </ClInclude>
    <ClInclude Include="..\..\Sources\Common\RHI\DirectX11\Context\GraphicContextDX11.h">
      <Filter>RHI\DirectX11\Context</Filter>
    </ClInclude>
    <ClInclude Include="..\..\Sources\Common\RHI\DirectX11\Context\Includes.h">
      <Filter>RHI\DirectX11\Context</Filter>
    </ClInclude>
    <ClInclude Include="..\..\Sources\Common\RHI\DirectX11\Context\PipelineStatesDX11.h">
      <Filter>RHI\DirectX11\Context</Filter>
    </ClInclude>
    <ClInclude Include="..\..\Sources\Common\RHI\DirectX11\StateObjects\RasterizerStateDescriptorDX11.h">
      <Filter>RHI\DirectX11\StateObjects</Filter>
    </ClInclude>
    <ClInclude Include="..\..\Sources\Common\RHI\DirectX11\StateObjects\StateObjectsManagerDX11.h">
      <Filter>RHI\DirectX11\StateObjects</Filter>
    </ClInclude>
    <ClInclude Include="..\..\Sources\Common\RHI\DirectX11\StateObjects\Includes.h">
      <Filter>RHI\DirectX11\StateObjects</Filter>
    </ClInclude>
    <ClInclude Include="..\..\Sources\Common\RHI\Includes.h">
      <Filter>RHI</Filter>
    </ClInclude>
    <ClInclude Include="..\..\Sources\Common\RHI\DirectX11\Shaders\BaseShaderDX11.h">
      <Filter>RHI\DirectX11\Shaders</Filter>
    </ClInclude>
    <ClInclude Include="..\..\Sources\Common\RHI\DirectX11\Shaders\VertexShaderDX11.h">
      <Filter>RHI\DirectX11\Shaders</Filter>
    </ClInclude>
    <ClInclude Include="..\..\Sources\Common\RHI\DirectX11\Shaders\PixelShaderDX11.h">
      <Filter>RHI\DirectX11\Shaders</Filter>
    </ClInclude>
    <ClInclude Include="..\..\Sources\Common\RHI\DirectX11\Shaders\ShaderByteCodeDX11.h">
      <Filter>RHI\DirectX11\Shaders</Filter>
    </ClInclude>
    <ClInclude Include="..\..\Sources\Common\RHI\DirectX11\Shaders\Includes.h">
      <Filter>RHI\DirectX11\Shaders</Filter>
    </ClInclude>
    <ClInclude Include="..\..\Sources\Common\Core\IO\FileSystem.h">
      <Filter>Core\IO</Filter>
    </ClInclude>
    <ClInclude Include="..\..\Sources\Common\Core\IO\Includes.h">
      <Filter>Core\IO</Filter>
    </ClInclude>
    <ClInclude Include="..\..\Sources\Common\Core\IO\FileHandle.h">
      <Filter>Core\IO</Filter>
    </ClInclude>
    <ClInclude Include="..\..\Sources\Common\Renderer\Geometry\StaticGeometry.h">
      <Filter>Renderer\Geometry</Filter>
    </ClInclude>
    <ClInclude Include="..\..\Sources\Common\Renderer\Geometry\Includes.h">
      <Filter>Renderer\Geometry</Filter>
    </ClInclude>
    <ClInclude Include="..\..\Sources\Common\Renderer\Includes.h">
      <Filter>Renderer</Filter>
    </ClInclude>
    <ClInclude Include="..\..\Sources\Common\Core\IO\JSon\JsonNode.h">
      <Filter>Core\IO\JSon</Filter>
    </ClInclude>
    <ClInclude Include="..\..\Sources\Common\Core\IO\JSon\JSonProperty.h">
      <Filter>Core\IO\JSon</Filter>
    </ClInclude>
    <ClInclude Include="..\..\Sources\Common\Core\IO\JSon\JsonDocument.h">
      <Filter>Core\IO\JSon</Filter>
    </ClInclude>
    <ClInclude Include="..\..\Sources\Common\Core\IO\JSon\Includes.h">
      <Filter>Core\IO\JSon</Filter>
    </ClInclude>
    <ClInclude Include="..\..\Sources\Common\Core\IO\JSon\JsonEnums.h">
      <Filter>Core\IO\JSon</Filter>
    </ClInclude>
    <ClInclude Include="..\..\Sources\Common\RHI\DirectX11\VertexLayout\VertexElementDX11.h">
      <Filter>RHI\DirectX11\VertexLayout</Filter>
    </ClInclude>
    <ClInclude Include="..\..\Sources\Common\RHI\DirectX11\VertexLayout\VertexLayoutDX11.h">
      <Filter>RHI\DirectX11\VertexLayout</Filter>
    </ClInclude>
    <ClInclude Include="..\..\Sources\Common\RHI\DirectX11\VertexLayout\Includes.h">
      <Filter>RHI\DirectX11\VertexLayout</Filter>
    </ClInclude>
    <ClInclude Include="..\..\Sources\Common\RHI\DirectX11\VertexLayout\VertexLayoutManagerDX11.h">
      <Filter>RHI\DirectX11\VertexLayout</Filter>
    </ClInclude>
    <ClInclude Include="..\..\Sources\Common\Renderer\Geometry\Geometrydataset.h">
      <Filter>Renderer\Geometry</Filter>
    </ClInclude>
    <ClInclude Include="..\..\Sources\Common\Renderer\Shaders\ShaderPermutation.h">
      <Filter>Renderer\Shaders</Filter>
    </ClInclude>
    <ClInclude Include="..\..\Sources\Common\Renderer\Shaders\ShaderProgram.h">
      <Filter>Renderer\Shaders</Filter>
    </ClInclude>
    <ClInclude Include="..\..\Sources\Common\Renderer\Shaders\Includes.h">
      <Filter>Renderer\Shaders</Filter>
    </ClInclude>
    <ClInclude Include="..\..\Sources\Common\Renderer\Shaders\ShaderDefinition.h">
      <Filter>Renderer\Shaders</Filter>
    </ClInclude>
    <ClInclude Include="..\..\Sources\Common\RHI\DirectX11\Buffers\ConstantBufferDX11.h">
      <Filter>RHI\DirectX11\Buffers</Filter>
    </ClInclude>
    <ClInclude Include="..\..\Sources\Common\Core\Math\Vector3F.h">
      <Filter>Core\Math</Filter>
    </ClInclude>
    <ClInclude Include="..\..\Sources\Common\Core\Math\Color.h">
      <Filter>Core\Math</Filter>
    </ClInclude>
    <ClInclude Include="..\..\Sources\Common\Core\Math\includes.h">
      <Filter>Core\Math</Filter>
    </ClInclude>
    <ClInclude Include="..\..\Sources\Common\Core\Math\MathMacros.h">
      <Filter>Core\Math</Filter>
    </ClInclude>
    <ClInclude Include="..\..\Sources\Common\Core\Math\Maths.h">
      <Filter>Core\Math</Filter>
    </ClInclude>
    <ClInclude Include="..\..\Sources\Common\Core\Math\Matrix44.h">
      <Filter>Core\Math</Filter>
    </ClInclude>
    <ClInclude Include="..\..\Sources\Common\RHI\Common\RhiShaderCompilationParams.h">
      <Filter>RHI\Common</Filter>
    </ClInclude>
    <ClInclude Include="..\..\Sources\Common\RHI\Common\RhiVerteLayoutEnums.h">
      <Filter>RHI\Common</Filter>
    </ClInclude>
    <ClInclude Include="..\..\Sources\Common\RHI\Common\Includes.h">
      <Filter>RHI\Common</Filter>
    </ClInclude>
    <ClInclude Include="..\..\Sources\Common\Renderer\Importers\Fbx\FbxMeshPartDatas.h">
      <Filter>Renderer\Importers\Fbx</Filter>
    </ClInclude>
    <ClInclude Include="..\..\Sources\Common\Renderer\Importers\Fbx\FbxAssetImporter.h">
      <Filter>Renderer\Importers\Fbx</Filter>
    </ClInclude>
    <ClInclude Include="..\..\Sources\Common\Renderer\Importers\Fbx\FbxImporter_Imp.h">
      <Filter>Renderer\Importers\Fbx</Filter>
    </ClInclude>
  </ItemGroup>
  <ItemGroup>
    <ClCompile Include="..\..\Sources\Common\Application\WinMainLauncher.cpp">
      <Filter>Application</Filter>
    </ClCompile>
    <ClCompile Include="..\..\Sources\Common\Application\GameApplication.cpp">
      <Filter>Application</Filter>
    </ClCompile>
    <ClCompile Include="..\..\Sources\Common\Inputs\KeyboardDevice.cpp">
      <Filter>Inputs</Filter>
    </ClCompile>
    <ClCompile Include="..\..\Sources\Common\Inputs\InputManager.cpp">
      <Filter>Inputs</Filter>
    </ClCompile>
    <ClCompile Include="..\..\Sources\Common\RHI\RhiManager.cpp">
      <Filter>RHI</Filter>
    </ClCompile>
    <ClCompile Include="..\..\Sources\Common\RHI\DirectX11\SwapchainDX11.cpp">
      <Filter>RHI\DirectX11</Filter>
    </ClCompile>
    <ClCompile Include="..\..\Sources\Common\RHI\DirectX11\GraphicDeviceDX11.cpp">
      <Filter>RHI\DirectX11</Filter>
    </ClCompile>
    <ClCompile Include="..\..\Sources\Common\RHI\DirectX11\Buffers\IndexBufferDX11.cpp">
      <Filter>RHI\DirectX11\Buffers</Filter>
    </ClCompile>
    <ClCompile Include="..\..\Sources\Common\RHI\DirectX11\Buffers\VertexBufferDX11.cpp">
      <Filter>RHI\DirectX11\Buffers</Filter>
    </ClCompile>
    <ClCompile Include="..\..\Sources\Common\RHI\DirectX11\Buffers\BaseBufferDX11.cpp">
      <Filter>RHI\DirectX11\Buffers</Filter>
    </ClCompile>
    <ClCompile Include="..\..\Sources\Common\RHI\DirectX11\Context\GraphicContextDX11.cpp">
      <Filter>RHI\DirectX11\Context</Filter>
    </ClCompile>
    <ClCompile Include="..\..\Sources\Common\RHI\DirectX11\Context\PipelineStatesDX11.cpp">
      <Filter>RHI\DirectX11\Context</Filter>
    </ClCompile>
    <ClCompile Include="..\..\Sources\Common\RHI\DirectX11\Context\GeometryStatesDX11.cpp">
      <Filter>RHI\DirectX11\Context</Filter>
    </ClCompile>
    <ClCompile Include="..\..\Sources\Common\RHI\DirectX11\StateObjects\StateObjectsManagerDX11.cpp">
      <Filter>RHI\DirectX11\StateObjects</Filter>
    </ClCompile>
    <ClCompile Include="..\..\Sources\Common\RHI\DirectX11\StateObjects\RasterizerStateDescriptorDX11.cpp">
      <Filter>RHI\DirectX11\StateObjects</Filter>
    </ClCompile>
    <ClCompile Include="..\..\Sources\Common\RHI\DirectX11\Shaders\ShaderByteCodeDX11.cpp">
      <Filter>RHI\DirectX11\Shaders</Filter>
    </ClCompile>
    <ClCompile Include="..\..\Sources\Common\Core\IO\FileSystem.cpp">
      <Filter>Core\IO</Filter>
    </ClCompile>
    <ClCompile Include="..\..\Sources\Common\Core\IO\FileHandle.cpp">
      <Filter>Core\IO</Filter>
    </ClCompile>
    <ClCompile Include="..\..\Sources\Common\Renderer\Geometry\StaticGeometry.cpp">
      <Filter>Renderer\Geometry</Filter>
    </ClCompile>
    <ClCompile Include="..\..\Sources\Common\Core\IO\JSon\JsonNode.cpp">
      <Filter>Core\IO\JSon</Filter>
    </ClCompile>
    <ClCompile Include="..\..\Sources\Common\Core\IO\JSon\JSonProperty.cpp">
      <Filter>Core\IO\JSon</Filter>
    </ClCompile>
    <ClCompile Include="..\..\Sources\Common\Core\IO\JSon\JsonDocument.cpp">
      <Filter>Core\IO\JSon</Filter>
    </ClCompile>
    <ClCompile Include="..\..\Sources\Common\RHI\DirectX11\VertexLayout\VertexElementDX11.cpp">
      <Filter>RHI\DirectX11\VertexLayout</Filter>
    </ClCompile>
    <ClCompile Include="..\..\Sources\Common\RHI\DirectX11\VertexLayout\VertexLayoutDX11.cpp">
      <Filter>RHI\DirectX11\VertexLayout</Filter>
    </ClCompile>
    <ClCompile Include="..\..\Sources\Common\RHI\DirectX11\VertexLayout\VertexLayoutManagerDX11.cpp">
      <Filter>RHI\DirectX11\VertexLayout</Filter>
    </ClCompile>
    <ClCompile Include="..\..\Sources\Common\Renderer\Geometry\GeometryDataset.cpp">
      <Filter>Renderer\Geometry</Filter>
    </ClCompile>
    <ClCompile Include="..\..\Sources\Common\Renderer\Shaders\ShaderPermutation.cpp">
      <Filter>Renderer\Shaders</Filter>
    </ClCompile>
    <ClCompile Include="..\..\Sources\Common\Renderer\Shaders\ShaderProgram.cpp">
      <Filter>Renderer\Shaders</Filter>
    </ClCompile>
    <ClCompile Include="..\..\Sources\Common\Renderer\Shaders\ShaderDefinition.cpp">
      <Filter>Renderer\Shaders</Filter>
    </ClCompile>
    <ClCompile Include="..\..\Sources\Common\RHI\DirectX11\Buffers\ConstantBufferDX11.cpp">
      <Filter>RHI\DirectX11\Buffers</Filter>
    </ClCompile>
    <ClCompile Include="..\..\Sources\Common\Core\Math\Vector3F.cpp">
      <Filter>Core\Math</Filter>
    </ClCompile>
    <ClCompile Include="..\..\Sources\Common\Core\Math\Color.cpp">
      <Filter>Core\Math</Filter>
    </ClCompile>
    <ClCompile Include="..\..\Sources\Common\Core\Math\Maths.cpp">
      <Filter>Core\Math</Filter>
    </ClCompile>
    <ClCompile Include="..\..\Sources\Common\Core\Math\Matrix44.cpp">
      <Filter>Core\Math</Filter>
    </ClCompile>
    <ClCompile Include="..\..\Sources\Common\Renderer\Importers\Fbx\FbxMeshPartDatas.cpp">
      <Filter>Renderer\Importers\Fbx</Filter>
    </ClCompile>
    <ClCompile Include="..\..\Sources\Common\Renderer\Importers\Fbx\FbxAssertImporter.cpp">
      <Filter>Renderer\Importers\Fbx</Filter>
    </ClCompile>
    <ClCompile Include="..\..\Sources\Common\Renderer\Importers\Fbx\FbxImporter_Imp.cpp">
      <Filter>Renderer\Importers\Fbx</Filter>
    </ClCompile>
  </ItemGroup>
  <ItemGroup>
    <None Include="..\..\Sources\Common\RHI\RhiManager.inl">
      <Filter>RHI</Filter>
    </None>
    <None Include="..\..\Sources\Common\RHI\DirectX11\GraphicDeviceDX11.inl">
      <Filter>RHI\DirectX11</Filter>
    </None>
    <None Include="..\..\Sources\Common\RHI\DirectX11\SwapchainDX11.inl">
      <Filter>RHI\DirectX11</Filter>
    </None>
    <None Include="..\..\Sources\Common\RHI\DirectX11\Buffers\BaseBufferDX11.inl">
      <Filter>RHI\DirectX11\Buffers</Filter>
    </None>
    <None Include="..\..\Sources\Common\RHI\DirectX11\Buffers\IndexBufferDX11.inl">
      <Filter>RHI\DirectX11\Buffers</Filter>
    </None>
    <None Include="..\..\Sources\Common\RHI\DirectX11\Buffers\VertexBufferDX11.inl">
      <Filter>RHI\DirectX11\Buffers</Filter>
    </None>
    <None Include="..\..\Sources\Common\RHI\DirectX11\Context\GraphicContextDX11.inl">
      <Filter>RHI\DirectX11\Context</Filter>
    </None>
    <None Include="..\..\Sources\Common\RHI\DirectX11\Context\PipelineStatesDX11.inl">
      <Filter>RHI\DirectX11\Context</Filter>
    </None>
    <None Include="..\..\Sources\Common\RHI\DirectX11\StateObjects\RasterizerStateDescriptorDX11.inl">
      <Filter>RHI\DirectX11\StateObjects</Filter>
    </None>
    <None Include="..\..\Sources\Common\Core\IO\FileHandle.inl">
      <Filter>Core\IO</Filter>
    </None>
    <None Include="..\..\Sources\Common\Renderer\Geometry\StaticGeometry.inl">
      <Filter>Renderer\Geometry</Filter>
    </None>
    <None Include="..\..\Sources\Common\RHI\DirectX11\VertexLayout\VertexElementDX11.inl">
      <Filter>RHI\DirectX11\VertexLayout</Filter>
    </None>
    <None Include="..\..\Sources\Common\RHI\DirectX11\VertexLayout\VertexLayoutDX11.inl">
      <Filter>RHI\DirectX11\VertexLayout</Filter>
    </None>
    <None Include="..\..\Sources\Common\Renderer\Geometry\GeometryDataset.inl">
      <Filter>Renderer\Geometry</Filter>
    </None>
    <None Include="..\..\Sources\Common\Renderer\Shaders\ShaderPermutation.inl">
      <Filter>Renderer\Shaders</Filter>
    </None>
    <None Include="..\..\Sources\Common\Renderer\Shaders\ShaderProgram.inl">
      <Filter>Renderer\Shaders</Filter>
    </None>
    <None Include="..\..\Sources\Common\Renderer\Shaders\ShaderDefinition.inl">
      <Filter>Renderer\Shaders</Filter>
    </None>
    <None Include="..\..\Sources\Common\Core\Math\Matrix44.inl">
      <Filter>Core\Math</Filter>
    </None>
    <None Include="..\..\Sources\Common\Core\Math\Vector3F.inl">
      <Filter>Core\Math</Filter>
    </None>
    <None Include="..\..\Sources\Common\Core\Math\Color.inl">
      <Filter>Core\Math</Filter>
    </None>
    <None Include="..\..\Sources\Common\Core\Math\Maths.inl">
      <Filter>Core\Math</Filter>
    </None>
  </ItemGroup>
</Project>