<?xml version="1.0" encoding="utf-8"?>
<Project ToolsVersion="4.0" xmlns="http://schemas.microsoft.com/developer/msbuild/2003">
  <ItemGroup>
    <Filter Include="Core">
      <UniqueIdentifier>{b2ef3017-75c4-4005-8fb4-d6aef1fc6f1e}</UniqueIdentifier>
    </Filter>
    <Filter Include="Application">
      <UniqueIdentifier>{a571bd8f-1ebc-45de-8d8f-94fe7cf95dba}</UniqueIdentifier>
    </Filter>
    <Filter Include="Core\Base">
      <UniqueIdentifier>{d175c88f-72e2-4d12-adde-51233e844740}</UniqueIdentifier>
    </Filter>
    <Filter Include="Core\DesignPatterns">
      <UniqueIdentifier>{b777b395-55ec-4d32-959e-b5ae51b3492c}</UniqueIdentifier>
    </Filter>
    <Filter Include="Inputs">
      <UniqueIdentifier>{22f5a35d-d935-4243-9ea6-8a83d3b6e9f5}</UniqueIdentifier>
    </Filter>
    <Filter Include="RHI">
      <UniqueIdentifier>{5d1192e4-7544-47f7-abff-502c83eddd9c}</UniqueIdentifier>
    </Filter>
    <Filter Include="RHI\DirectX11">
      <UniqueIdentifier>{2a64781d-bfaf-44fd-9b1c-35e9bcce2180}</UniqueIdentifier>
    </Filter>
    <Filter Include="RHI\DirectX11\Buffers">
      <UniqueIdentifier>{5c119605-2d2e-4c70-91a9-0a0c05a7c003}</UniqueIdentifier>
    </Filter>
    <Filter Include="RHI\DirectX11\Context">
      <UniqueIdentifier>{9d00a3ec-ad09-4c8a-8bfa-88eb356e861f}</UniqueIdentifier>
    </Filter>
    <Filter Include="RHI\DirectX11\StateObjects">
      <UniqueIdentifier>{84d98df0-a1d4-4ea3-b65c-1c50a7514979}</UniqueIdentifier>
    </Filter>
    <Filter Include="RHI\DirectX11\Shaders">
      <UniqueIdentifier>{80c48978-d8b3-4957-bc19-f45b35132f92}</UniqueIdentifier>
    </Filter>
    <Filter Include="Core\IO">
      <UniqueIdentifier>{4de39819-ca2b-450f-b54f-3416d0a68bfa}</UniqueIdentifier>
    </Filter>
    <Filter Include="Renderer">
      <UniqueIdentifier>{3964c458-9529-414d-9b64-49c9e34d59ba}</UniqueIdentifier>
    </Filter>
    <Filter Include="Core\IO\JSon">
      <UniqueIdentifier>{6606e780-f19b-43a8-9492-d475124ee8f5}</UniqueIdentifier>
    </Filter>
    <Filter Include="RHI\DirectX11\VertexLayout">
      <UniqueIdentifier>{ad004644-506d-48d4-b082-02a9d80b6191}</UniqueIdentifier>
    </Filter>
    <Filter Include="RHI\Common">
      <UniqueIdentifier>{67055bdf-fbe1-43a5-b9ca-b48fe56bac3f}</UniqueIdentifier>
    </Filter>
    <Filter Include="Core\Math">
      <UniqueIdentifier>{5eb73dfd-c8e2-43ad-be78-abd9a7efee2c}</UniqueIdentifier>
    </Filter>
    <Filter Include="Renderer\Importers">
      <UniqueIdentifier>{8a208bda-1b37-4ca2-8a10-0d8a7a92c2eb}</UniqueIdentifier>
    </Filter>
    <Filter Include="Renderer\Importers\Fbx">
      <UniqueIdentifier>{44a89253-b48a-44e7-a040-9db4410e495a}</UniqueIdentifier>
    </Filter>
    <Filter Include="Renderer\Scene">
      <UniqueIdentifier>{762289e0-0a55-4b77-bef9-033376761f48}</UniqueIdentifier>
    </Filter>
    <Filter Include="DebugUI">
      <UniqueIdentifier>{37c1858f-13e7-40f0-bba5-6c627603ea27}</UniqueIdentifier>
    </Filter>
    <Filter Include="DebugUI\ImGui">
      <UniqueIdentifier>{eeac1c9e-338c-4479-9c35-0d0bb64da7dd}</UniqueIdentifier>
    </Filter>
    <Filter Include="Core\Platforms">
      <UniqueIdentifier>{215ecc7a-2b3e-4162-9998-a181017f6593}</UniqueIdentifier>
    </Filter>
    <Filter Include="Core\Platforms\Windows">
      <UniqueIdentifier>{957e6216-0672-4abd-9bda-64e84a604ccf}</UniqueIdentifier>
    </Filter>
    <Filter Include="Core\Utils">
      <UniqueIdentifier>{a6b03efc-0c98-4df9-8796-cd0300637dbc}</UniqueIdentifier>
    </Filter>
    <Filter Include="RHI\Common\ShaderReflection">
      <UniqueIdentifier>{9f6dfa59-e971-435a-9b2d-f72d303a4860}</UniqueIdentifier>
    </Filter>
    <Filter Include="Renderer\Scene\Elements">
      <UniqueIdentifier>{53ac3b6c-6ab7-4f18-a3f5-a42261ce38a1}</UniqueIdentifier>
    </Filter>
    <Filter Include="Renderer\Resources">
      <UniqueIdentifier>{ac458ce5-85a5-4e3b-a709-bd767de31382}</UniqueIdentifier>
    </Filter>
    <Filter Include="Renderer\Resources\ConstantBuffers">
      <UniqueIdentifier>{29da6e10-6b89-4526-b989-7cb97594d922}</UniqueIdentifier>
    </Filter>
    <Filter Include="Renderer\Resources\Geometry">
      <UniqueIdentifier>{9474987a-de34-4e59-b383-04bd999832a2}</UniqueIdentifier>
    </Filter>
    <Filter Include="Renderer\Resources\Meshes">
      <UniqueIdentifier>{96c7ca7d-9614-4037-9b72-236c64ec974f}</UniqueIdentifier>
    </Filter>
    <Filter Include="Renderer\Resources\Shaders">
      <UniqueIdentifier>{ae3af012-8549-4b64-9a3d-391258c2b75d}</UniqueIdentifier>
    </Filter>
    <Filter Include="Renderer\Resources\Materials">
      <UniqueIdentifier>{738c39a4-9cf0-4e0a-864d-915807f194aa}</UniqueIdentifier>
    </Filter>
  </ItemGroup>
  <ItemGroup>
    <ClInclude Include="..\..\Sources\Common\Application\GameApplication.h">
      <Filter>Application</Filter>
    </ClInclude>
    <ClInclude Include="..\..\Sources\Common\Application\Includes.h">
      <Filter>Application</Filter>
    </ClInclude>
    <ClInclude Include="..\..\Sources\Common\Application\WindowsAppConfig.h">
      <Filter>Application</Filter>
    </ClInclude>
    <ClInclude Include="..\..\Sources\Common\Application\WinMainLauncher.h">
      <Filter>Application</Filter>
    </ClInclude>
    <ClInclude Include="..\..\Sources\Common\Core\CoreIncludes.h">
      <Filter>Core</Filter>
    </ClInclude>
    <ClInclude Include="..\..\Sources\Common\Core\CoreMacros.h">
      <Filter>Core</Filter>
    </ClInclude>
    <ClInclude Include="..\..\Sources\Common\Core\Base\BaseDataTypes.h">
      <Filter>Core\Base</Filter>
    </ClInclude>
    <ClInclude Include="..\..\Sources\Common\Core\DesignPatterns\Singleton.h">
      <Filter>Core\DesignPatterns</Filter>
    </ClInclude>
    <ClInclude Include="..\..\Sources\Common\Inputs\InputManager.h">
      <Filter>Inputs</Filter>
    </ClInclude>
    <ClInclude Include="..\..\Sources\Common\Inputs\KeyboardDevice.h">
      <Filter>Inputs</Filter>
    </ClInclude>
    <ClInclude Include="..\..\Sources\Common\Inputs\Includes.h">
      <Filter>Inputs</Filter>
    </ClInclude>
    <ClInclude Include="..\..\Sources\Common\Inputs\InputMacros.h">
      <Filter>Inputs</Filter>
    </ClInclude>
    <ClInclude Include="..\..\Sources\Common\Includes.h" />
    <ClInclude Include="..\..\Sources\Common\RHI\RhiManager.h">
      <Filter>RHI</Filter>
    </ClInclude>
    <ClInclude Include="..\..\Sources\Common\RHI\RhiWrapper.h">
      <Filter>RHI</Filter>
    </ClInclude>
    <ClInclude Include="..\..\Sources\Common\RHI\RhiEnums.h">
      <Filter>RHI</Filter>
    </ClInclude>
    <ClInclude Include="..\..\Sources\Common\RHI\DirectX11\GraphicDeviceDX11.h">
      <Filter>RHI\DirectX11</Filter>
    </ClInclude>
    <ClInclude Include="..\..\Sources\Common\RHI\DirectX11\IncludesDX11.h">
      <Filter>RHI\DirectX11</Filter>
    </ClInclude>
    <ClInclude Include="..\..\Sources\Common\RHI\DirectX11\SwapchainDX11.h">
      <Filter>RHI\DirectX11</Filter>
    </ClInclude>
    <ClInclude Include="..\..\Sources\Common\RHI\DirectX11\Buffers\BaseBufferDX11.h">
      <Filter>RHI\DirectX11\Buffers</Filter>
    </ClInclude>
    <ClInclude Include="..\..\Sources\Common\RHI\DirectX11\Buffers\Includes.h">
      <Filter>RHI\DirectX11\Buffers</Filter>
    </ClInclude>
    <ClInclude Include="..\..\Sources\Common\RHI\DirectX11\Buffers\IndexBufferDX11.h">
      <Filter>RHI\DirectX11\Buffers</Filter>
    </ClInclude>
    <ClInclude Include="..\..\Sources\Common\RHI\DirectX11\Buffers\VertexBufferDX11.h">
      <Filter>RHI\DirectX11\Buffers</Filter>
    </ClInclude>
    <ClInclude Include="..\..\Sources\Common\RHI\DirectX11\Context\GeometryStatesDX11.h">
      <Filter>RHI\DirectX11\Context</Filter>
    </ClInclude>
    <ClInclude Include="..\..\Sources\Common\RHI\DirectX11\Context\GraphicContextDX11.h">
      <Filter>RHI\DirectX11\Context</Filter>
    </ClInclude>
    <ClInclude Include="..\..\Sources\Common\RHI\DirectX11\Context\Includes.h">
      <Filter>RHI\DirectX11\Context</Filter>
    </ClInclude>
    <ClInclude Include="..\..\Sources\Common\RHI\DirectX11\Context\PipelineStatesDX11.h">
      <Filter>RHI\DirectX11\Context</Filter>
    </ClInclude>
    <ClInclude Include="..\..\Sources\Common\RHI\DirectX11\StateObjects\RasterizerStateDescriptorDX11.h">
      <Filter>RHI\DirectX11\StateObjects</Filter>
    </ClInclude>
    <ClInclude Include="..\..\Sources\Common\RHI\DirectX11\StateObjects\StateObjectsManagerDX11.h">
      <Filter>RHI\DirectX11\StateObjects</Filter>
    </ClInclude>
    <ClInclude Include="..\..\Sources\Common\RHI\DirectX11\StateObjects\Includes.h">
      <Filter>RHI\DirectX11\StateObjects</Filter>
    </ClInclude>
    <ClInclude Include="..\..\Sources\Common\RHI\Includes.h">
      <Filter>RHI</Filter>
    </ClInclude>
    <ClInclude Include="..\..\Sources\Common\RHI\DirectX11\Shaders\BaseShaderDX11.h">
      <Filter>RHI\DirectX11\Shaders</Filter>
    </ClInclude>
    <ClInclude Include="..\..\Sources\Common\RHI\DirectX11\Shaders\VertexShaderDX11.h">
      <Filter>RHI\DirectX11\Shaders</Filter>
    </ClInclude>
    <ClInclude Include="..\..\Sources\Common\RHI\DirectX11\Shaders\PixelShaderDX11.h">
      <Filter>RHI\DirectX11\Shaders</Filter>
    </ClInclude>
    <ClInclude Include="..\..\Sources\Common\RHI\DirectX11\Shaders\ShaderByteCodeDX11.h">
      <Filter>RHI\DirectX11\Shaders</Filter>
    </ClInclude>
    <ClInclude Include="..\..\Sources\Common\RHI\DirectX11\Shaders\Includes.h">
      <Filter>RHI\DirectX11\Shaders</Filter>
    </ClInclude>
    <ClInclude Include="..\..\Sources\Common\Core\IO\FileSystem.h">
      <Filter>Core\IO</Filter>
    </ClInclude>
    <ClInclude Include="..\..\Sources\Common\Core\IO\Includes.h">
      <Filter>Core\IO</Filter>
    </ClInclude>
    <ClInclude Include="..\..\Sources\Common\Core\IO\FileHandle.h">
      <Filter>Core\IO</Filter>
    </ClInclude>
    <ClInclude Include="..\..\Sources\Common\Renderer\Includes.h">
      <Filter>Renderer</Filter>
    </ClInclude>
    <ClInclude Include="..\..\Sources\Common\Core\IO\JSon\Includes.h">
      <Filter>Core\IO\JSon</Filter>
    </ClInclude>
    <ClInclude Include="..\..\Sources\Common\Core\IO\JSon\JsonEnums.h">
      <Filter>Core\IO\JSon</Filter>
    </ClInclude>
    <ClInclude Include="..\..\Sources\Common\RHI\DirectX11\VertexLayout\VertexElementDX11.h">
      <Filter>RHI\DirectX11\VertexLayout</Filter>
    </ClInclude>
    <ClInclude Include="..\..\Sources\Common\RHI\DirectX11\VertexLayout\VertexLayoutDX11.h">
      <Filter>RHI\DirectX11\VertexLayout</Filter>
    </ClInclude>
    <ClInclude Include="..\..\Sources\Common\RHI\DirectX11\VertexLayout\Includes.h">
      <Filter>RHI\DirectX11\VertexLayout</Filter>
    </ClInclude>
    <ClInclude Include="..\..\Sources\Common\RHI\DirectX11\VertexLayout\VertexLayoutManagerDX11.h">
      <Filter>RHI\DirectX11\VertexLayout</Filter>
    </ClInclude>
    <ClInclude Include="..\..\Sources\Common\RHI\DirectX11\Buffers\ConstantBufferDX11.h">
      <Filter>RHI\DirectX11\Buffers</Filter>
    </ClInclude>
    <ClInclude Include="..\..\Sources\Common\Core\Math\Vector3F.h">
      <Filter>Core\Math</Filter>
    </ClInclude>
    <ClInclude Include="..\..\Sources\Common\Core\Math\Color.h">
      <Filter>Core\Math</Filter>
    </ClInclude>
    <ClInclude Include="..\..\Sources\Common\Core\Math\includes.h">
      <Filter>Core\Math</Filter>
    </ClInclude>
    <ClInclude Include="..\..\Sources\Common\Core\Math\MathMacros.h">
      <Filter>Core\Math</Filter>
    </ClInclude>
    <ClInclude Include="..\..\Sources\Common\Core\Math\Maths.h">
      <Filter>Core\Math</Filter>
    </ClInclude>
    <ClInclude Include="..\..\Sources\Common\Core\Math\Matrix44.h">
      <Filter>Core\Math</Filter>
    </ClInclude>
    <ClInclude Include="..\..\Sources\Common\RHI\Common\RhiShaderCompilationParams.h">
      <Filter>RHI\Common</Filter>
    </ClInclude>
    <ClInclude Include="..\..\Sources\Common\RHI\Common\RhiVerteLayoutEnums.h">
      <Filter>RHI\Common</Filter>
    </ClInclude>
    <ClInclude Include="..\..\Sources\Common\RHI\Common\Includes.h">
      <Filter>RHI\Common</Filter>
    </ClInclude>
    <ClInclude Include="..\..\Sources\Common\Renderer\Importers\Fbx\FbxAssetImporter.h">
      <Filter>Renderer\Importers\Fbx</Filter>
    </ClInclude>
    <ClInclude Include="..\..\Sources\Common\Renderer\Importers\Fbx\FbxImporter_Imp.h">
      <Filter>Renderer\Importers\Fbx</Filter>
    </ClInclude>
    <ClInclude Include="..\..\Sources\Thirdparty\ImGui\imgui.h">
      <Filter>DebugUI\ImGui</Filter>
    </ClInclude>
    <ClInclude Include="..\..\Sources\Thirdparty\ImGui\imconfig.h">
      <Filter>DebugUI\ImGui</Filter>
    </ClInclude>
    <ClInclude Include="..\..\Sources\Thirdparty\ImGui\imgui_internal.h">
      <Filter>DebugUI\ImGui</Filter>
    </ClInclude>
    <ClInclude Include="..\..\Sources\Common\DebugUI\Includes.h">
      <Filter>DebugUI</Filter>
    </ClInclude>
    <ClInclude Include="..\..\Sources\Common\DebugUI\ImGuiWrapper.h">
      <Filter>DebugUI</Filter>
    </ClInclude>
    <ClInclude Include="..\..\Sources\Common\DebugUI\imgui_impl_dx11.h">
      <Filter>DebugUI</Filter>
    </ClInclude>
    <ClInclude Include="..\..\Sources\Common\Core\Utils\Timer.h">
      <Filter>Core\Utils</Filter>
    </ClInclude>
    <ClInclude Include="..\..\Sources\Common\Core\Utils\Includes.h">
      <Filter>Core\Utils</Filter>
    </ClInclude>
    <ClInclude Include="..\..\Sources\Common\Core\Platforms\PlatformWrapper.h">
      <Filter>Core\Platforms</Filter>
    </ClInclude>
    <ClInclude Include="..\..\Sources\Common\Core\Platforms\Windows\WindowsTime.h">
      <Filter>Core\Platforms\Windows</Filter>
    </ClInclude>
    <ClInclude Include="..\..\Sources\Common\Core\Base\Includes.h">
      <Filter>Core\Base</Filter>
    </ClInclude>
    <ClInclude Include="..\..\Sources\Common\RHI\Common\RhiShaderParameterCommon.h">
      <Filter>RHI\Common</Filter>
    </ClInclude>
    <ClInclude Include="..\..\Sources\Common\Renderer\Importers\Fbx\FbxMeshPartImporter.h">
      <Filter>Renderer\Importers\Fbx</Filter>
    </ClInclude>
    <ClInclude Include="..\..\Sources\Common\RHI\Common\ShaderReflection\RhiShaderConstantBufferDesc.h">
      <Filter>RHI\Common\ShaderReflection</Filter>
    </ClInclude>
    <ClInclude Include="..\..\Sources\Common\RHI\Common\ShaderReflection\RhiShaderParameterDesc.h">
      <Filter>RHI\Common\ShaderReflection</Filter>
    </ClInclude>
    <ClInclude Include="..\..\Sources\Common\RHI\Common\ShaderReflection\RhiShaderReflectionInfos.h">
      <Filter>RHI\Common\ShaderReflection</Filter>
    </ClInclude>
    <ClInclude Include="..\..\Sources\Common\RHI\Common\ShaderReflection\Includes.h">
      <Filter>RHI\Common\ShaderReflection</Filter>
    </ClInclude>
    <ClInclude Include="..\..\Sources\Common\Renderer\Importers\Fbx\FbxMeshVertex.h">
      <Filter>Renderer\Importers\Fbx</Filter>
    </ClInclude>
    <ClInclude Include="..\..\Sources\Common\Renderer\Importers\Fbx\FbxMeshImporter.h">
      <Filter>Renderer\Importers\Fbx</Filter>
    </ClInclude>
    <ClInclude Include="..\..\Sources\Common\Core\IO\JSon\AJSonProperty.h">
      <Filter>Core\IO\JSon</Filter>
    </ClInclude>
    <ClInclude Include="..\..\Sources\Common\Core\IO\JSon\JSonBoolProperty.h">
      <Filter>Core\IO\JSon</Filter>
    </ClInclude>
    <ClInclude Include="..\..\Sources\Common\Core\IO\JSon\JSonIntProperty.h">
      <Filter>Core\IO\JSon</Filter>
    </ClInclude>
    <ClInclude Include="..\..\Sources\Common\Core\IO\JSon\JSonFloatProperty.h">
      <Filter>Core\IO\JSon</Filter>
    </ClInclude>
    <ClInclude Include="..\..\Sources\Common\Core\IO\JSon\JSonStringProperty.h">
      <Filter>Core\IO\JSon</Filter>
    </ClInclude>
    <ClInclude Include="..\..\Sources\Common\Core\IO\JSon\JSonNodeProperty.h">
      <Filter>Core\IO\JSon</Filter>
    </ClInclude>
    <ClInclude Include="..\..\Sources\Common\Core\IO\JSon\JSonWriter.h">
      <Filter>Core\IO\JSon</Filter>
    </ClInclude>
    <ClInclude Include="..\..\Sources\Common\Core\IO\JSon\JSonIntArrayProperty.h">
      <Filter>Core\IO\JSon</Filter>
    </ClInclude>
    <ClInclude Include="..\..\Sources\Common\Core\IO\JSon\JSonFloatArrayProperty.h">
      <Filter>Core\IO\JSon</Filter>
    </ClInclude>
    <ClInclude Include="..\..\Sources\Common\Core\IO\JSon\JSonNodeArrayProperty.h">
      <Filter>Core\IO\JSon</Filter>
    </ClInclude>
    <ClInclude Include="..\..\Sources\Common\Core\IO\JSon\JsonReader.h">
      <Filter>Core\IO\JSon</Filter>
    </ClInclude>
    <ClInclude Include="..\..\Sources\Common\Core\IO\JSon\JSonNode.h">
      <Filter>Core\IO\JSon</Filter>
    </ClInclude>
    <ClInclude Include="..\..\Sources\Common\Core\Base\ReferenceCountedPtr.h">
      <Filter>Core\Base</Filter>
    </ClInclude>
    <ClInclude Include="..\..\Sources\Common\Core\Base\ReferenceCounted.h">
      <Filter>Core\Base</Filter>
    </ClInclude>
    <ClInclude Include="..\..\Sources\Common\Renderer\Scene\Elements\RenderSceneElement.h">
      <Filter>Renderer\Scene\Elements</Filter>
    </ClInclude>
    <ClInclude Include="..\..\Sources\Common\Renderer\Scene\Elements\StaticMeshInstance.h">
      <Filter>Renderer\Scene\Elements</Filter>
    </ClInclude>
    <ClInclude Include="..\..\Sources\Common\Renderer\Scene\RenderScene.h">
      <Filter>Renderer\Scene</Filter>
    </ClInclude>
    <ClInclude Include="..\..\Sources\Common\Renderer\Scene\Elements\Includes.h">
      <Filter>Renderer\Scene\Elements</Filter>
    </ClInclude>
    <ClInclude Include="..\..\Sources\Common\Renderer\Scene\Includes.h">
      <Filter>Renderer\Scene</Filter>
    </ClInclude>
    <ClInclude Include="..\..\Sources\Common\Renderer\Resources\ConstantBuffers\ConstantBuffer.h">
      <Filter>Renderer\Resources\ConstantBuffers</Filter>
    </ClInclude>
    <ClInclude Include="..\..\Sources\Common\Renderer\Resources\ConstantBuffers\Includes.h">
      <Filter>Renderer\Resources\ConstantBuffers</Filter>
    </ClInclude>
    <ClInclude Include="..\..\Sources\Common\Renderer\Resources\ConstantBuffers\SConstantBuffer.h">
      <Filter>Renderer\Resources\ConstantBuffers</Filter>
    </ClInclude>
    <ClInclude Include="..\..\Sources\Common\Renderer\Resources\Geometry\Geometrydataset.h">
      <Filter>Renderer\Resources\Geometry</Filter>
    </ClInclude>
    <ClInclude Include="..\..\Sources\Common\Renderer\Resources\Geometry\Includes.h">
      <Filter>Renderer\Resources\Geometry</Filter>
    </ClInclude>
    <ClInclude Include="..\..\Sources\Common\Renderer\Resources\Geometry\StaticGeometry.h">
      <Filter>Renderer\Resources\Geometry</Filter>
    </ClInclude>
    <ClInclude Include="..\..\Sources\Common\Renderer\Resources\Meshes\BaseMesh.h">
      <Filter>Renderer\Resources\Meshes</Filter>
    </ClInclude>
    <ClInclude Include="..\..\Sources\Common\Renderer\Resources\Meshes\Includes.h">
      <Filter>Renderer\Resources\Meshes</Filter>
    </ClInclude>
    <ClInclude Include="..\..\Sources\Common\Renderer\Resources\Meshes\MeshPart.h">
      <Filter>Renderer\Resources\Meshes</Filter>
    </ClInclude>
    <ClInclude Include="..\..\Sources\Common\Renderer\Resources\Meshes\StaticMesh.h">
      <Filter>Renderer\Resources\Meshes</Filter>
    </ClInclude>
    <ClInclude Include="..\..\Sources\Common\Renderer\Resources\Includes.h">
      <Filter>Renderer\Resources</Filter>
    </ClInclude>
    <ClInclude Include="..\..\Sources\Common\Renderer\Resources\Shaders\ShaderPermutation.h">
      <Filter>Renderer\Resources\Shaders</Filter>
    </ClInclude>
    <ClInclude Include="..\..\Sources\Common\Renderer\Resources\Shaders\ShaderProgram.h">
      <Filter>Renderer\Resources\Shaders</Filter>
    </ClInclude>
    <ClInclude Include="..\..\Sources\Common\Renderer\Resources\Shaders\Includes.h">
      <Filter>Renderer\Resources\Shaders</Filter>
    </ClInclude>
    <ClInclude Include="..\..\Sources\Common\Renderer\Resources\Shaders\ShaderDefinition.h">
      <Filter>Renderer\Resources\Shaders</Filter>
    </ClInclude>
    <ClInclude Include="..\..\Sources\Common\Renderer\Resources\Materials\Includes.h">
      <Filter>Renderer\Resources\Materials</Filter>
    </ClInclude>
    <ClInclude Include="..\..\Sources\Common\Renderer\Resources\Materials\Material.h">
      <Filter>Renderer\Resources\Materials</Filter>
    </ClInclude>
  </ItemGroup>
  <ItemGroup>
    <ClCompile Include="..\..\Sources\Common\Application\WinMainLauncher.cpp">
      <Filter>Application</Filter>
    </ClCompile>
    <ClCompile Include="..\..\Sources\Common\Application\GameApplication.cpp">
      <Filter>Application</Filter>
    </ClCompile>
    <ClCompile Include="..\..\Sources\Common\Inputs\KeyboardDevice.cpp">
      <Filter>Inputs</Filter>
    </ClCompile>
    <ClCompile Include="..\..\Sources\Common\Inputs\InputManager.cpp">
      <Filter>Inputs</Filter>
    </ClCompile>
    <ClCompile Include="..\..\Sources\Common\RHI\RhiManager.cpp">
      <Filter>RHI</Filter>
    </ClCompile>
    <ClCompile Include="..\..\Sources\Common\RHI\DirectX11\SwapchainDX11.cpp">
      <Filter>RHI\DirectX11</Filter>
    </ClCompile>
    <ClCompile Include="..\..\Sources\Common\RHI\DirectX11\GraphicDeviceDX11.cpp">
      <Filter>RHI\DirectX11</Filter>
    </ClCompile>
    <ClCompile Include="..\..\Sources\Common\RHI\DirectX11\Buffers\IndexBufferDX11.cpp">
      <Filter>RHI\DirectX11\Buffers</Filter>
    </ClCompile>
    <ClCompile Include="..\..\Sources\Common\RHI\DirectX11\Buffers\VertexBufferDX11.cpp">
      <Filter>RHI\DirectX11\Buffers</Filter>
    </ClCompile>
    <ClCompile Include="..\..\Sources\Common\RHI\DirectX11\Buffers\BaseBufferDX11.cpp">
      <Filter>RHI\DirectX11\Buffers</Filter>
    </ClCompile>
    <ClCompile Include="..\..\Sources\Common\RHI\DirectX11\Context\GraphicContextDX11.cpp">
      <Filter>RHI\DirectX11\Context</Filter>
    </ClCompile>
    <ClCompile Include="..\..\Sources\Common\RHI\DirectX11\Context\PipelineStatesDX11.cpp">
      <Filter>RHI\DirectX11\Context</Filter>
    </ClCompile>
    <ClCompile Include="..\..\Sources\Common\RHI\DirectX11\Context\GeometryStatesDX11.cpp">
      <Filter>RHI\DirectX11\Context</Filter>
    </ClCompile>
    <ClCompile Include="..\..\Sources\Common\RHI\DirectX11\StateObjects\StateObjectsManagerDX11.cpp">
      <Filter>RHI\DirectX11\StateObjects</Filter>
    </ClCompile>
    <ClCompile Include="..\..\Sources\Common\RHI\DirectX11\StateObjects\RasterizerStateDescriptorDX11.cpp">
      <Filter>RHI\DirectX11\StateObjects</Filter>
    </ClCompile>
    <ClCompile Include="..\..\Sources\Common\RHI\DirectX11\Shaders\ShaderByteCodeDX11.cpp">
      <Filter>RHI\DirectX11\Shaders</Filter>
    </ClCompile>
    <ClCompile Include="..\..\Sources\Common\Core\IO\FileSystem.cpp">
      <Filter>Core\IO</Filter>
    </ClCompile>
    <ClCompile Include="..\..\Sources\Common\Core\IO\FileHandle.cpp">
      <Filter>Core\IO</Filter>
    </ClCompile>
    <ClCompile Include="..\..\Sources\Common\RHI\DirectX11\VertexLayout\VertexElementDX11.cpp">
      <Filter>RHI\DirectX11\VertexLayout</Filter>
    </ClCompile>
    <ClCompile Include="..\..\Sources\Common\RHI\DirectX11\VertexLayout\VertexLayoutDX11.cpp">
      <Filter>RHI\DirectX11\VertexLayout</Filter>
    </ClCompile>
    <ClCompile Include="..\..\Sources\Common\RHI\DirectX11\VertexLayout\VertexLayoutManagerDX11.cpp">
      <Filter>RHI\DirectX11\VertexLayout</Filter>
    </ClCompile>
    <ClCompile Include="..\..\Sources\Common\RHI\DirectX11\Buffers\ConstantBufferDX11.cpp">
      <Filter>RHI\DirectX11\Buffers</Filter>
    </ClCompile>
    <ClCompile Include="..\..\Sources\Common\Core\Math\Vector3F.cpp">
      <Filter>Core\Math</Filter>
    </ClCompile>
    <ClCompile Include="..\..\Sources\Common\Core\Math\Color.cpp">
      <Filter>Core\Math</Filter>
    </ClCompile>
    <ClCompile Include="..\..\Sources\Common\Core\Math\Maths.cpp">
      <Filter>Core\Math</Filter>
    </ClCompile>
    <ClCompile Include="..\..\Sources\Common\Core\Math\Matrix44.cpp">
      <Filter>Core\Math</Filter>
    </ClCompile>
    <ClCompile Include="..\..\Sources\Common\Renderer\Importers\Fbx\FbxAssertImporter.cpp">
      <Filter>Renderer\Importers\Fbx</Filter>
    </ClCompile>
    <ClCompile Include="..\..\Sources\Common\Renderer\Importers\Fbx\FbxImporter_Imp.cpp">
      <Filter>Renderer\Importers\Fbx</Filter>
    </ClCompile>
    <ClCompile Include="..\..\Sources\Thirdparty\ImGui\imgui.cpp">
      <Filter>DebugUI\ImGui</Filter>
    </ClCompile>
    <ClCompile Include="..\..\Sources\Thirdparty\ImGui\imgui_demo.cpp">
      <Filter>DebugUI\ImGui</Filter>
    </ClCompile>
    <ClCompile Include="..\..\Sources\Thirdparty\ImGui\imgui_draw.cpp">
      <Filter>DebugUI\ImGui</Filter>
    </ClCompile>
    <ClCompile Include="..\..\Sources\Common\DebugUI\ImGuiWrapper.cpp">
      <Filter>DebugUI</Filter>
    </ClCompile>
    <ClCompile Include="..\..\Sources\Common\DebugUI\imgui_impl_dx11.cpp">
      <Filter>DebugUI</Filter>
    </ClCompile>
    <ClCompile Include="..\..\Sources\Common\Core\Utils\Timer.cpp">
      <Filter>Core\Utils</Filter>
    </ClCompile>
    <ClCompile Include="..\..\Sources\Common\Core\Platforms\Windows\WindowsTime.cpp">
      <Filter>Core\Platforms\Windows</Filter>
    </ClCompile>
    <ClCompile Include="..\..\Sources\Common\Renderer\Importers\Fbx\FbxMeshPartImporter.cpp">
      <Filter>Renderer\Importers\Fbx</Filter>
    </ClCompile>
    <ClCompile Include="..\..\Sources\Common\RHI\Common\ShaderReflection\RhiShaderConstantBufferDesc.cpp">
      <Filter>RHI\Common\ShaderReflection</Filter>
    </ClCompile>
    <ClCompile Include="..\..\Sources\Common\RHI\Common\ShaderReflection\RhiShaderParameterDesc.cpp">
      <Filter>RHI\Common\ShaderReflection</Filter>
    </ClCompile>
    <ClCompile Include="..\..\Sources\Common\RHI\Common\ShaderReflection\RhiShaderReflectionInfos.cpp">
      <Filter>RHI\Common\ShaderReflection</Filter>
    </ClCompile>
    <ClCompile Include="..\..\Sources\Common\Renderer\Importers\Fbx\FbxMeshVertex.cpp">
      <Filter>Renderer\Importers\Fbx</Filter>
    </ClCompile>
    <ClCompile Include="..\..\Sources\Common\Renderer\Importers\Fbx\FbxMeshImporter.cpp">
      <Filter>Renderer\Importers\Fbx</Filter>
    </ClCompile>
    <ClCompile Include="..\..\Sources\Common\Core\IO\JSon\AJSonProperty.cpp">
      <Filter>Core\IO\JSon</Filter>
    </ClCompile>
    <ClCompile Include="..\..\Sources\Common\Core\IO\JSon\JSonBoolProperty.cpp">
      <Filter>Core\IO\JSon</Filter>
    </ClCompile>
    <ClCompile Include="..\..\Sources\Common\Core\IO\JSon\JSonIntProperty.cpp">
      <Filter>Core\IO\JSon</Filter>
    </ClCompile>
    <ClCompile Include="..\..\Sources\Common\Core\IO\JSon\JSonFloatProperty.cpp">
      <Filter>Core\IO\JSon</Filter>
    </ClCompile>
    <ClCompile Include="..\..\Sources\Common\Core\IO\JSon\JSonStringProperty.cpp">
      <Filter>Core\IO\JSon</Filter>
    </ClCompile>
    <ClCompile Include="..\..\Sources\Common\Core\IO\JSon\JSonNodeProperty.cpp">
      <Filter>Core\IO\JSon</Filter>
    </ClCompile>
    <ClCompile Include="..\..\Sources\Common\Core\IO\JSon\JSonWriter.cpp">
      <Filter>Core\IO\JSon</Filter>
    </ClCompile>
    <ClCompile Include="..\..\Sources\Common\Core\IO\JSon\JSonIntArrayProperty.cpp">
      <Filter>Core\IO\JSon</Filter>
    </ClCompile>
    <ClCompile Include="..\..\Sources\Common\Core\IO\JSon\JSonFloatArrayProperty.cpp">
      <Filter>Core\IO\JSon</Filter>
    </ClCompile>
    <ClCompile Include="..\..\Sources\Common\Core\IO\JSon\JSonNodeArrayProperty.cpp">
      <Filter>Core\IO\JSon</Filter>
    </ClCompile>
    <ClCompile Include="..\..\Sources\Common\Core\IO\JSon\JsonReader.cpp">
      <Filter>Core\IO\JSon</Filter>
    </ClCompile>
    <ClCompile Include="..\..\Sources\Common\Core\IO\JSon\JSonNode.cpp">
      <Filter>Core\IO\JSon</Filter>
    </ClCompile>
    <ClCompile Include="..\..\Sources\Common\Renderer\Scene\Elements\StaticMeshInstance.cpp">
      <Filter>Renderer\Scene\Elements</Filter>
    </ClCompile>
    <ClCompile Include="..\..\Sources\Common\Renderer\Scene\Elements\RenderSceneElement.cpp">
      <Filter>Renderer\Scene\Elements</Filter>
    </ClCompile>
    <ClCompile Include="..\..\Sources\Common\Renderer\Scene\RenderScene.cpp">
      <Filter>Renderer\Scene</Filter>
    </ClCompile>
    <ClCompile Include="..\..\Sources\Common\Renderer\Resources\ConstantBuffers\ConstantBuffer.cpp">
      <Filter>Renderer\Resources\ConstantBuffers</Filter>
    </ClCompile>
    <ClCompile Include="..\..\Sources\Common\Renderer\Resources\Geometry\StaticGeometry.cpp">
      <Filter>Renderer\Resources\Geometry</Filter>
    </ClCompile>
    <ClCompile Include="..\..\Sources\Common\Renderer\Resources\Geometry\GeometryDataset.cpp">
      <Filter>Renderer\Resources\Geometry</Filter>
    </ClCompile>
    <ClCompile Include="..\..\Sources\Common\Renderer\Resources\Meshes\BaseMesh.cpp">
      <Filter>Renderer\Resources\Meshes</Filter>
    </ClCompile>
    <ClCompile Include="..\..\Sources\Common\Renderer\Resources\Meshes\MeshPart.cpp">
      <Filter>Renderer\Resources\Meshes</Filter>
    </ClCompile>
    <ClCompile Include="..\..\Sources\Common\Renderer\Resources\Meshes\StaticMesh.cpp">
      <Filter>Renderer\Resources\Meshes</Filter>
    </ClCompile>
    <ClCompile Include="..\..\Sources\Common\Renderer\Resources\Shaders\ShaderPermutation.cpp">
      <Filter>Renderer\Resources\Shaders</Filter>
    </ClCompile>
    <ClCompile Include="..\..\Sources\Common\Renderer\Resources\Shaders\ShaderProgram.cpp">
      <Filter>Renderer\Resources\Shaders</Filter>
    </ClCompile>
    <ClCompile Include="..\..\Sources\Common\Renderer\Resources\Shaders\ShaderDefinition.cpp">
      <Filter>Renderer\Resources\Shaders</Filter>
    </ClCompile>
    <ClCompile Include="..\..\Sources\Common\Renderer\Resources\Materials\Material.cpp">
      <Filter>Renderer\Resources\Materials</Filter>
    </ClCompile>
  </ItemGroup>
  <ItemGroup>
    <None Include="..\..\Sources\Common\RHI\RhiManager.inl">
      <Filter>RHI</Filter>
    </None>
    <None Include="..\..\Sources\Common\RHI\DirectX11\GraphicDeviceDX11.inl">
      <Filter>RHI\DirectX11</Filter>
    </None>
    <None Include="..\..\Sources\Common\RHI\DirectX11\SwapchainDX11.inl">
      <Filter>RHI\DirectX11</Filter>
    </None>
    <None Include="..\..\Sources\Common\RHI\DirectX11\Buffers\BaseBufferDX11.inl">
      <Filter>RHI\DirectX11\Buffers</Filter>
    </None>
    <None Include="..\..\Sources\Common\RHI\DirectX11\Buffers\IndexBufferDX11.inl">
      <Filter>RHI\DirectX11\Buffers</Filter>
    </None>
    <None Include="..\..\Sources\Common\RHI\DirectX11\Buffers\VertexBufferDX11.inl">
      <Filter>RHI\DirectX11\Buffers</Filter>
    </None>
    <None Include="..\..\Sources\Common\RHI\DirectX11\Context\GraphicContextDX11.inl">
      <Filter>RHI\DirectX11\Context</Filter>
    </None>
    <None Include="..\..\Sources\Common\RHI\DirectX11\Context\PipelineStatesDX11.inl">
      <Filter>RHI\DirectX11\Context</Filter>
    </None>
    <None Include="..\..\Sources\Common\RHI\DirectX11\StateObjects\RasterizerStateDescriptorDX11.inl">
      <Filter>RHI\DirectX11\StateObjects</Filter>
    </None>
    <None Include="..\..\Sources\Common\Core\IO\FileHandle.inl">
      <Filter>Core\IO</Filter>
    </None>
    <None Include="..\..\Sources\Common\RHI\DirectX11\VertexLayout\VertexElementDX11.inl">
      <Filter>RHI\DirectX11\VertexLayout</Filter>
    </None>
    <None Include="..\..\Sources\Common\RHI\DirectX11\VertexLayout\VertexLayoutDX11.inl">
      <Filter>RHI\DirectX11\VertexLayout</Filter>
    </None>
    <None Include="..\..\Sources\Common\Core\Math\Matrix44.inl">
      <Filter>Core\Math</Filter>
    </None>
    <None Include="..\..\Sources\Common\Core\Math\Vector3F.inl">
      <Filter>Core\Math</Filter>
    </None>
    <None Include="..\..\Sources\Common\Core\Math\Color.inl">
      <Filter>Core\Math</Filter>
    </None>
    <None Include="..\..\Sources\Common\Core\Math\Maths.inl">
      <Filter>Core\Math</Filter>
    </None>
    <None Include="..\..\Sources\Common\Core\Utils\Timer.inl">
      <Filter>Core\Utils</Filter>
    </None>
    <None Include="..\..\Sources\Common\Core\Platforms\Windows\WindowsTime.inl">
      <Filter>Core\Platforms\Windows</Filter>
    </None>
    <None Include="..\..\Sources\Common\Application\GameApplication.inl">
      <Filter>Application</Filter>
    </None>
    <None Include="..\..\Sources\Common\RHI\Common\ShaderReflection\RhiShaderConstantBufferDesc.inl">
      <Filter>RHI\Common\ShaderReflection</Filter>
    </None>
    <None Include="..\..\Sources\Common\RHI\Common\ShaderReflection\RhiShaderParameterDesc.inl">
      <Filter>RHI\Common\ShaderReflection</Filter>
    </None>
    <None Include="..\..\Sources\Common\RHI\Common\ShaderReflection\RhiShaderReflectionInfos.inl">
      <Filter>RHI\Common\ShaderReflection</Filter>
    </None>
    <None Include="..\..\Sources\Common\Renderer\Resources\Geometry\GeometryDataset.inl">
      <Filter>Renderer\Resources\Geometry</Filter>
    </None>
    <None Include="..\..\Sources\Common\Renderer\Resources\Geometry\StaticGeometry.inl">
      <Filter>Renderer\Resources\Geometry</Filter>
    </None>
    <None Include="..\..\Sources\Common\Renderer\Resources\Meshes\MeshPart.inl">
      <Filter>Renderer\Resources\Meshes</Filter>
    </None>
    <None Include="..\..\Sources\Common\Renderer\Resources\Shaders\ShaderDefinition.inl">
      <Filter>Renderer\Resources\Shaders</Filter>
    </None>
    <None Include="..\..\Sources\Common\Renderer\Resources\Shaders\ShaderPermutation.inl">
      <Filter>Renderer\Resources\Shaders</Filter>
    </None>
    <None Include="..\..\Sources\Common\Renderer\Resources\Shaders\ShaderProgram.inl">
      <Filter>Renderer\Resources\Shaders</Filter>
    </None>
  </ItemGroup>
</Project>