<?xml version="1.0" encoding="utf-8"?>
<Project ToolsVersion="4.0" xmlns="http://schemas.microsoft.com/developer/msbuild/2003">
  <ItemGroup>
    <Filter Include="Core">
      <UniqueIdentifier>{b2ef3017-75c4-4005-8fb4-d6aef1fc6f1e}</UniqueIdentifier>
    </Filter>
    <Filter Include="Application">
      <UniqueIdentifier>{a571bd8f-1ebc-45de-8d8f-94fe7cf95dba}</UniqueIdentifier>
    </Filter>
    <Filter Include="Core\Base">
      <UniqueIdentifier>{d175c88f-72e2-4d12-adde-51233e844740}</UniqueIdentifier>
    </Filter>
    <Filter Include="Core\DesignPatterns">
      <UniqueIdentifier>{b777b395-55ec-4d32-959e-b5ae51b3492c}</UniqueIdentifier>
    </Filter>
    <Filter Include="Inputs">
      <UniqueIdentifier>{22f5a35d-d935-4243-9ea6-8a83d3b6e9f5}</UniqueIdentifier>
    </Filter>
  </ItemGroup>
  <ItemGroup>
    <ClInclude Include="..\..\Sources\Common\Application\GameApplication.h">
      <Filter>Application</Filter>
    </ClInclude>
    <ClInclude Include="..\..\Sources\Common\Application\Includes.h">
      <Filter>Application</Filter>
    </ClInclude>
    <ClInclude Include="..\..\Sources\Common\Application\WindowsAppConfig.h">
      <Filter>Application</Filter>
    </ClInclude>
    <ClInclude Include="..\..\Sources\Common\Application\WinMainLauncher.h">
      <Filter>Application</Filter>
    </ClInclude>
    <ClInclude Include="..\..\Sources\Common\Core\CoreIncludes.h">
      <Filter>Core</Filter>
    </ClInclude>
    <ClInclude Include="..\..\Sources\Common\Core\CoreMacros.h">
      <Filter>Core</Filter>
    </ClInclude>
    <ClInclude Include="..\..\Sources\Common\Core\Base\BaseDataTypes.h">
      <Filter>Core\Base</Filter>
    </ClInclude>
    <ClInclude Include="..\..\Sources\Common\Core\DesignPatterns\Singleton.h">
      <Filter>Core\DesignPatterns</Filter>
    </ClInclude>
    <ClInclude Include="..\..\Sources\Common\Inputs\InputManager.h">
      <Filter>Inputs</Filter>
    </ClInclude>
    <ClInclude Include="..\..\Sources\Common\Inputs\KeyboardDevice.h">
      <Filter>Inputs</Filter>
    </ClInclude>
    <ClInclude Include="..\..\Sources\Common\Inputs\Includes.h">
      <Filter>Inputs</Filter>
    </ClInclude>
    <ClInclude Include="..\..\Sources\Common\Inputs\InputMacros.h">
      <Filter>Inputs</Filter>
    </ClInclude>
  </ItemGroup>
  <ItemGroup>
    <ClCompile Include="..\..\Sources\Common\Application\WinMainLauncher.cpp">
      <Filter>Application</Filter>
    </ClCompile>
    <ClCompile Include="..\..\Sources\Common\Application\GameApplication.cpp">
      <Filter>Application</Filter>
    </ClCompile>
    <ClCompile Include="..\..\Sources\Common\Inputs\KeyboardDevice.cpp">
      <Filter>Inputs</Filter>
    </ClCompile>
    <ClCompile Include="..\..\Sources\Common\Inputs\InputManager.cpp">
      <Filter>Inputs</Filter>
    </ClCompile>
  </ItemGroup>
</Project>