<?xml version="1.0" encoding="utf-8"?>
<Project ToolsVersion="4.0" xmlns="http://schemas.microsoft.com/developer/msbuild/2003">
  <ItemGroup>
    <Filter Include="Shaders">
      <UniqueIdentifier>{37631073-6594-4087-881c-aa63325a55c2}</UniqueIdentifier>
    </Filter>
    <Filter Include="WinResources">
      <UniqueIdentifier>{17481700-d98f-45b0-9ba7-913cfff68ff9}</UniqueIdentifier>
    </Filter>
  </ItemGroup>
  <ItemGroup>
    <ClInclude Include="..\..\Sources\Sample01\WinResources\targetver.h">
      <Filter>WinResources</Filter>
    </ClInclude>
    <ClInclude Include="..\..\Sources\Sample01\WinResources\Resource.h">
      <Filter>WinResources</Filter>
    </ClInclude>
    <ClInclude Include="..\..\Sources\Sample01\Sample.h" />
  </ItemGroup>
  <ItemGroup>
    <ClCompile Include="..\..\Sources\Sample01\main.cpp" />
    <ClCompile Include="..\..\Sources\Sample01\Sample.cpp" />
  </ItemGroup>
  <ItemGroup>
    <ResourceCompile Include="..\..\Sources\Sample01\WinResources\Sample1.rc">
      <Filter>WinResources</Filter>
    </ResourceCompile>
  </ItemGroup>
  <ItemGroup>
    <Image Include="..\..\Sources\Sample01\WinResources\small.ico">
      <Filter>WinResources</Filter>
    </Image>
    <Image Include="..\..\Sources\Sample01\WinResources\Sample1.ico">
      <Filter>WinResources</Filter>
    </Image>
  </ItemGroup>
  <ItemGroup>
    <FxCompile Include="..\..\Sources\Sample01\Shaders\SimplePS.hlsl">
      <Filter>Shaders</Filter>
    </FxCompile>
    <FxCompile Include="..\..\Sources\Sample01\Shaders\SimpleVS.hlsl">
      <Filter>Shaders</Filter>
    </FxCompile>
  </ItemGroup>
</Project>