<?xml version="1.0" encoding="utf-8"?>
<Project ToolsVersion="4.0" xmlns="http://schemas.microsoft.com/developer/msbuild/2003">
  <ItemGroup>
    <Filter Include="WinResources">
      <UniqueIdentifier>{17481700-d98f-45b0-9ba7-913cfff68ff9}</UniqueIdentifier>
    </Filter>
  </ItemGroup>
  <ItemGroup>
    <ClInclude Include="..\..\Samples\Sample02_Sprites\WinResources\targetver.h">
      <Filter>WinResources</Filter>
    </ClInclude>
    <ClInclude Include="..\..\Samples\Sample02_Sprites\WinResources\Resource.h">
      <Filter>WinResources</Filter>
    </ClInclude>
    <ClInclude Include="..\..\Samples\Sample02_Sprites\Sample.h" />
  </ItemGroup>
  <ItemGroup>
    <ClCompile Include="..\..\Samples\Sample02_Sprites\main.cpp" />
    <ClCompile Include="..\..\Samples\Sample02_Sprites\Sample.cpp" />
  </ItemGroup>
  <ItemGroup>
    <ResourceCompile Include="..\..\Samples\Sample02_Sprites\WinResources\Sample1.rc">
      <Filter>WinResources</Filter>
    </ResourceCompile>
  </ItemGroup>
  <ItemGroup>
    <Image Include="..\..\Samples\Sample02_Sprites\WinResources\small.ico">
      <Filter>WinResources</Filter>
    </Image>
    <Image Include="..\..\Samples\Sample02_Sprites\WinResources\Sample1.ico">
      <Filter>WinResources</Filter>
    </Image>
  </ItemGroup>
</Project>