
Microsoft Visual Studio Solution File, Format Version 12.00
# Visual Studio 15
VisualStudioVersion = 15.0.27130.2027
MinimumVisualStudioVersion = 10.0.40219.1
Project("{8BC9CEB8-8B4A-11D0-8D11-00A0C91BC942}") = "Common", "VS2017\Common.vcxproj", "{9BE0670F-D0DA-456D-863B-47F6AFD3EEF4}"
EndProject
Project("{8BC9CEB8-8B4A-11D0-8D11-00A0C91BC942}") = "Sample01", "VS2017\Sample01.vcxproj", "{A851A585-3A74-4D80-A803-9D309BFAE941}"
	ProjectSection(ProjectDependencies) = postProject
		{9BE0670F-D0DA-456D-863B-47F6AFD3EEF4} = {9BE0670F-D0DA-456D-863B-47F6AFD3EEF4}
	EndProjectSection
EndProject
Global
	GlobalSection(SolutionConfigurationPlatforms) = preSolution
		Debug|x64 = Debug|x64
		Debug|x86 = Debug|x86
		Release|x64 = Release|x64
		Release|x86 = Release|x86
	EndGlobalSection
	GlobalSection(ProjectConfigurationPlatforms) = postSolution
		{9BE0670F-D0DA-456D-863B-47F6AFD3EEF4}.Debug|x64.ActiveCfg = Debug|x64
		{9BE0670F-D0DA-456D-863B-47F6AFD3EEF4}.Debug|x64.Build.0 = Debug|x64
		{9BE0670F-D0DA-456D-863B-47F6AFD3EEF4}.Debug|x86.ActiveCfg = Debug|Win32
		{9BE0670F-D0DA-456D-863B-47F6AFD3EEF4}.Debug|x86.Build.0 = Debug|Win32
		{9BE0670F-D0DA-456D-863B-47F6AFD3EEF4}.Release|x64.ActiveCfg = Release|x64
		{9BE0670F-D0DA-456D-863B-47F6AFD3EEF4}.Release|x64.Build.0 = Release|x64
		{9BE0670F-D0DA-456D-863B-47F6AFD3EEF4}.Release|x86.ActiveCfg = Release|Win32
		{9BE0670F-D0DA-456D-863B-47F6AFD3EEF4}.Release|x86.Build.0 = Release|Win32
		{A851A585-3A74-4D80-A803-9D309BFAE941}.Debug|x64.ActiveCfg = Debug|x64
		{A851A585-3A74-4D80-A803-9D309BFAE941}.Debug|x64.Build.0 = Debug|x64
		{A851A585-3A74-4D80-A803-9D309BFAE941}.Debug|x86.ActiveCfg = Debug|Win32
		{A851A585-3A74-4D80-A803-9D309BFAE941}.Debug|x86.Build.0 = Debug|Win32
		{A851A585-3A74-4D80-A803-9D309BFAE941}.Release|x64.ActiveCfg = Release|x64
		{A851A585-3A74-4D80-A803-9D309BFAE941}.Release|x64.Build.0 = Release|x64
		{A851A585-3A74-4D80-A803-9D309BFAE941}.Release|x86.ActiveCfg = Release|Win32
		{A851A585-3A74-4D80-A803-9D309BFAE941}.Release|x86.Build.0 = Release|Win32
	EndGlobalSection
	GlobalSection(SolutionProperties) = preSolution
		HideSolutionNode = FALSE
	EndGlobalSection
	GlobalSection(ExtensibilityGlobals) = postSolution
		SolutionGuid = {8D345D70-ADE8-462A-9318-A5CB39A90B99}
	EndGlobalSection
EndGlobal
